
Microsoft Visual Studio Solution File, Format Version 12.00
# Visual Studio Version 17
VisualStudioVersion = 17.10.34928.147
MinimumVisualStudioVersion = 10.0.40219.1
Project("{2150E333-8FDC-42A3-9474-1A3956D46DE8}") = "src", "src", "{B33638EB-A730-4BFC-AA75-E22D88225A8E}"
EndProject
Project("{2150E333-8FDC-42A3-9474-1A3956D46DE8}") = "Core", "Core", "{BBEF80CE-9615-4241-AD65-6F25C41DB758}"
EndProject
Project("{2150E333-8FDC-42A3-9474-1A3956D46DE8}") = "tests", "tests", "{09B0BBA6-0C93-4783-A4A1-E21E1D743BAB}"
EndProject
Project("{2150E333-8FDC-42A3-9474-1A3956D46DE8}") = "Infrastructure", "Infrastructure", "{21E96F55-1F88-4667-B49C-3982D4BE835A}"
EndProject
Project("{2150E333-8FDC-42A3-9474-1A3956D46DE8}") = "Presentation", "Presentation", "{33343BD8-8F16-4894-839C-A7B136F62FFF}"
EndProject
Project("{FAE04EC0-301F-11D3-BF4B-00C04F79EFBC}") = "WebUI", "src\Presentation\WebUI\WebUI.csproj", "{C670FAF5-C7AB-4FC3-8E64-05E369554BB3}"
EndProject
Project("{FAE04EC0-301F-11D3-BF4B-00C04F79EFBC}") = "Domain", "src\Core\Domain\Domain.csproj", "{D1B6AFED-A455-479B-9C55-43F31F59368C}"
EndProject
Project("{FAE04EC0-301F-11D3-BF4B-00C04F79EFBC}") = "Repositories", "src\Core\Repositories\Repositories.csproj", "{84CCA21C-4CB7-4A5C-8BBD-B363B334C768}"
EndProject
Project("{FAE04EC0-301F-11D3-BF4B-00C04F79EFBC}") = "Services", "src\Core\Services\Services.csproj", "{71B9E5D6-4B21-474B-AE65-FE39F08DA04F}"
EndProject
Project("{FAE04EC0-301F-11D3-BF4B-00C04F79EFBC}") = "Services.Impl", "src\Core\Services.Impl\Services.Impl.csproj", "{29F54697-4852-4323-A11A-C6EFEA827833}"
EndProject
Project("{FAE04EC0-301F-11D3-BF4B-00C04F79EFBC}") = "Persistence", "src\Infrastructure\Persistence\Persistence.csproj", "{4E0F0556-46ED-4AC6-849C-33793318A0B2}"
EndProject
Global
	GlobalSection(SolutionConfigurationPlatforms) = preSolution
		Debug|Any CPU = Debug|Any CPU
		Release|Any CPU = Release|Any CPU
	EndGlobalSection
	GlobalSection(ProjectConfigurationPlatforms) = postSolution
		{C670FAF5-C7AB-4FC3-8E64-05E369554BB3}.Debug|Any CPU.ActiveCfg = Debug|Any CPU
		{C670FAF5-C7AB-4FC3-8E64-05E369554BB3}.Debug|Any CPU.Build.0 = Debug|Any CPU
		{C670FAF5-C7AB-4FC3-8E64-05E369554BB3}.Release|Any CPU.ActiveCfg = Release|Any CPU
		{C670FAF5-C7AB-4FC3-8E64-05E369554BB3}.Release|Any CPU.Build.0 = Release|Any CPU
		{D1B6AFED-A455-479B-9C55-43F31F59368C}.Debug|Any CPU.ActiveCfg = Debug|Any CPU
		{D1B6AFED-A455-479B-9C55-43F31F59368C}.Debug|Any CPU.Build.0 = Debug|Any CPU
		{D1B6AFED-A455-479B-9C55-43F31F59368C}.Release|Any CPU.ActiveCfg = Release|Any CPU
		{D1B6AFED-A455-479B-9C55-43F31F59368C}.Release|Any CPU.Build.0 = Release|Any CPU
		{84CCA21C-4CB7-4A5C-8BBD-B363B334C768}.Debug|Any CPU.ActiveCfg = Debug|Any CPU
		{84CCA21C-4CB7-4A5C-8BBD-B363B334C768}.Debug|Any CPU.Build.0 = Debug|Any CPU
		{84CCA21C-4CB7-4A5C-8BBD-B363B334C768}.Release|Any CPU.ActiveCfg = Release|Any CPU
		{84CCA21C-4CB7-4A5C-8BBD-B363B334C768}.Release|Any CPU.Build.0 = Release|Any CPU
		{71B9E5D6-4B21-474B-AE65-FE39F08DA04F}.Debug|Any CPU.ActiveCfg = Debug|Any CPU
		{71B9E5D6-4B21-474B-AE65-FE39F08DA04F}.Debug|Any CPU.Build.0 = Debug|Any CPU
		{71B9E5D6-4B21-474B-AE65-FE39F08DA04F}.Release|Any CPU.ActiveCfg = Release|Any CPU
		{71B9E5D6-4B21-474B-AE65-FE39F08DA04F}.Release|Any CPU.Build.0 = Release|Any CPU
		{29F54697-4852-4323-A11A-C6EFEA827833}.Debug|Any CPU.ActiveCfg = Debug|Any CPU
		{29F54697-4852-4323-A11A-C6EFEA827833}.Debug|Any CPU.Build.0 = Debug|Any CPU
		{29F54697-4852-4323-A11A-C6EFEA827833}.Release|Any CPU.ActiveCfg = Release|Any CPU
		{29F54697-4852-4323-A11A-C6EFEA827833}.Release|Any CPU.Build.0 = Release|Any CPU
		{4E0F0556-46ED-4AC6-849C-33793318A0B2}.Debug|Any CPU.ActiveCfg = Debug|Any CPU
		{4E0F0556-46ED-4AC6-849C-33793318A0B2}.Debug|Any CPU.Build.0 = Debug|Any CPU
		{4E0F0556-46ED-4AC6-849C-33793318A0B2}.Release|Any CPU.ActiveCfg = Release|Any CPU
		{4E0F0556-46ED-4AC6-849C-33793318A0B2}.Release|Any CPU.Build.0 = Release|Any CPU
	EndGlobalSection
	GlobalSection(SolutionProperties) = preSolution
		HideSolutionNode = FALSE
	EndGlobalSection
	GlobalSection(NestedProjects) = preSolution
		{BBEF80CE-9615-4241-AD65-6F25C41DB758} = {B33638EB-A730-4BFC-AA75-E22D88225A8E}
		{21E96F55-1F88-4667-B49C-3982D4BE835A} = {B33638EB-A730-4BFC-AA75-E22D88225A8E}
		{33343BD8-8F16-4894-839C-A7B136F62FFF} = {B33638EB-A730-4BFC-AA75-E22D88225A8E}
		{C670FAF5-C7AB-4FC3-8E64-05E369554BB3} = {33343BD8-8F16-4894-839C-A7B136F62FFF}
		{D1B6AFED-A455-479B-9C55-43F31F59368C} = {BBEF80CE-9615-4241-AD65-6F25C41DB758}
		{84CCA21C-4CB7-4A5C-8BBD-B363B334C768} = {BBEF80CE-9615-4241-AD65-6F25C41DB758}
		{71B9E5D6-4B21-474B-AE65-FE39F08DA04F} = {BBEF80CE-9615-4241-AD65-6F25C41DB758}
		{29F54697-4852-4323-A11A-C6EFEA827833} = {BBEF80CE-9615-4241-AD65-6F25C41DB758}
		{4E0F0556-46ED-4AC6-849C-33793318A0B2} = {21E96F55-1F88-4667-B49C-3982D4BE835A}
	EndGlobalSection
	GlobalSection(ExtensibilityGlobals) = postSolution
		SolutionGuid = {C81D2678-BA3B-46E7-81D3-0ED55E192B2D}
	EndGlobalSection
EndGlobal
